// !$*UTF8*$!
{
	archiveVersion = 1;
	classes = {
	};
	objectVersion = 52;
	objects = {

/* Begin PBXBuildFile section */
		8037BF6F2474219B004DA69A /* LocalStorageManager.swift in Sources */ = {isa = PBXBuildFile; fileRef = 8037BF6E2474219B004DA69A /* LocalStorageManager.swift */; };
		8037BF71247421CC004DA69A /* StorageManagerProtocol.swift in Sources */ = {isa = PBXBuildFile; fileRef = 8037BF70247421CC004DA69A /* StorageManagerProtocol.swift */; };
		8049D33F2451F691009CC6C2 /* BookRequest.swift in Sources */ = {isa = PBXBuildFile; fileRef = 8049D33E2451F691009CC6C2 /* BookRequest.swift */; };
		8049D3412452248D009CC6C2 /* BookTableViewController.swift in Sources */ = {isa = PBXBuildFile; fileRef = 8049D3402452248D009CC6C2 /* BookTableViewController.swift */; };
		8081AE6A24766F8200F7790E /* StatisticsController.swift in Sources */ = {isa = PBXBuildFile; fileRef = 8081AE6924766F8200F7790E /* StatisticsController.swift */; };
		B831FBA2244CE515007DB278 /* Alamofire in Frameworks */ = {isa = PBXBuildFile; productRef = B831FBA1244CE515007DB278 /* Alamofire */; };
		B857B876247014520091F3B8 /* AddNoteController.swift in Sources */ = {isa = PBXBuildFile; fileRef = B857B875247014520091F3B8 /* AddNoteController.swift */; };
		B897F9962438B4AB000B483C /* AppDelegate.swift in Sources */ = {isa = PBXBuildFile; fileRef = B897F9952438B4AB000B483C /* AppDelegate.swift */; };
		B897F9982438B4AB000B483C /* SceneDelegate.swift in Sources */ = {isa = PBXBuildFile; fileRef = B897F9972438B4AB000B483C /* SceneDelegate.swift */; };
		B897F99D2438B4AB000B483C /* Main.storyboard in Resources */ = {isa = PBXBuildFile; fileRef = B897F99B2438B4AB000B483C /* Main.storyboard */; };
		B897F99F2438B4B1000B483C /* Assets.xcassets in Resources */ = {isa = PBXBuildFile; fileRef = B897F99E2438B4B1000B483C /* Assets.xcassets */; };
		B897F9A22438B4B1000B483C /* LaunchScreen.storyboard in Resources */ = {isa = PBXBuildFile; fileRef = B897F9A02438B4B1000B483C /* LaunchScreen.storyboard */; };
		B897F9AA2438B5D0000B483C /* Book.swift in Sources */ = {isa = PBXBuildFile; fileRef = B897F9A92438B5D0000B483C /* Book.swift */; };
		B897F9B02438B60E000B483C /* BookState.swift in Sources */ = {isa = PBXBuildFile; fileRef = B897F9AF2438B60E000B483C /* BookState.swift */; };
		B897F9B42438CC01000B483C /* MyLibraryController.swift in Sources */ = {isa = PBXBuildFile; fileRef = B897F9B32438CC01000B483C /* MyLibraryController.swift */; };
		B897F9B62438D01F000B483C /* WishedBooksController.swift in Sources */ = {isa = PBXBuildFile; fileRef = B897F9B52438D01F000B483C /* WishedBooksController.swift */; };
		B897F9B824390258000B483C /* BookDetailController.swift in Sources */ = {isa = PBXBuildFile; fileRef = B897F9B724390258000B483C /* BookDetailController.swift */; };
		B897F9BA24390482000B483C /* AddBookController.swift in Sources */ = {isa = PBXBuildFile; fileRef = B897F9B924390482000B483C /* AddBookController.swift */; };
		B897F9BC24390A3F000B483C /* BookNote.swift in Sources */ = {isa = PBXBuildFile; fileRef = B897F9BB24390A3F000B483C /* BookNote.swift */; };
/* End PBXBuildFile section */

/* Begin PBXFileReference section */
		31A541B98E79254A2E6CE038 /* Pods-PV239_Reading_Manager_iOS.debug.xcconfig */ = {isa = PBXFileReference; includeInIndex = 1; lastKnownFileType = text.xcconfig; name = "Pods-PV239_Reading_Manager_iOS.debug.xcconfig"; path = "Target Support Files/Pods-PV239_Reading_Manager_iOS/Pods-PV239_Reading_Manager_iOS.debug.xcconfig"; sourceTree = "<group>"; };
		8037BF6E2474219B004DA69A /* LocalStorageManager.swift */ = {isa = PBXFileReference; lastKnownFileType = sourcecode.swift; path = LocalStorageManager.swift; sourceTree = "<group>"; };
		8037BF70247421CC004DA69A /* StorageManagerProtocol.swift */ = {isa = PBXFileReference; lastKnownFileType = sourcecode.swift; path = StorageManagerProtocol.swift; sourceTree = "<group>"; };
		8049D33E2451F691009CC6C2 /* BookRequest.swift */ = {isa = PBXFileReference; lastKnownFileType = sourcecode.swift; path = BookRequest.swift; sourceTree = "<group>"; };
		8049D3402452248D009CC6C2 /* BookTableViewController.swift */ = {isa = PBXFileReference; lastKnownFileType = sourcecode.swift; path = BookTableViewController.swift; sourceTree = "<group>"; };
		8081AE6924766F8200F7790E /* StatisticsController.swift */ = {isa = PBXFileReference; lastKnownFileType = sourcecode.swift; path = StatisticsController.swift; sourceTree = "<group>"; };
		B857B875247014520091F3B8 /* AddNoteController.swift */ = {isa = PBXFileReference; lastKnownFileType = sourcecode.swift; path = AddNoteController.swift; sourceTree = "<group>"; };
		B897F9922438B4AB000B483C /* PV239_Reading_Manager_iOS.app */ = {isa = PBXFileReference; explicitFileType = wrapper.application; includeInIndex = 0; path = PV239_Reading_Manager_iOS.app; sourceTree = BUILT_PRODUCTS_DIR; };
		B897F9952438B4AB000B483C /* AppDelegate.swift */ = {isa = PBXFileReference; lastKnownFileType = sourcecode.swift; path = AppDelegate.swift; sourceTree = "<group>"; };
		B897F9972438B4AB000B483C /* SceneDelegate.swift */ = {isa = PBXFileReference; lastKnownFileType = sourcecode.swift; path = SceneDelegate.swift; sourceTree = "<group>"; };
		B897F99C2438B4AB000B483C /* Base */ = {isa = PBXFileReference; lastKnownFileType = file.storyboard; name = Base; path = Base.lproj/Main.storyboard; sourceTree = "<group>"; };
		B897F99E2438B4B1000B483C /* Assets.xcassets */ = {isa = PBXFileReference; lastKnownFileType = folder.assetcatalog; path = Assets.xcassets; sourceTree = "<group>"; };
		B897F9A12438B4B1000B483C /* Base */ = {isa = PBXFileReference; lastKnownFileType = file.storyboard; name = Base; path = Base.lproj/LaunchScreen.storyboard; sourceTree = "<group>"; };
		B897F9A32438B4B1000B483C /* Info.plist */ = {isa = PBXFileReference; lastKnownFileType = text.plist.xml; path = Info.plist; sourceTree = "<group>"; };
		B897F9A92438B5D0000B483C /* Book.swift */ = {isa = PBXFileReference; lastKnownFileType = sourcecode.swift; path = Book.swift; sourceTree = "<group>"; };
		B897F9AF2438B60E000B483C /* BookState.swift */ = {isa = PBXFileReference; lastKnownFileType = sourcecode.swift; path = BookState.swift; sourceTree = "<group>"; };
		B897F9B32438CC01000B483C /* MyLibraryController.swift */ = {isa = PBXFileReference; lastKnownFileType = sourcecode.swift; path = MyLibraryController.swift; sourceTree = "<group>"; };
		B897F9B52438D01F000B483C /* WishedBooksController.swift */ = {isa = PBXFileReference; lastKnownFileType = sourcecode.swift; path = WishedBooksController.swift; sourceTree = "<group>"; };
		B897F9B724390258000B483C /* BookDetailController.swift */ = {isa = PBXFileReference; lastKnownFileType = sourcecode.swift; path = BookDetailController.swift; sourceTree = "<group>"; };
		B897F9B924390482000B483C /* AddBookController.swift */ = {isa = PBXFileReference; lastKnownFileType = sourcecode.swift; path = AddBookController.swift; sourceTree = "<group>"; };
		B897F9BB24390A3F000B483C /* BookNote.swift */ = {isa = PBXFileReference; lastKnownFileType = sourcecode.swift; path = BookNote.swift; sourceTree = "<group>"; };
		FA51AFBFD57EF9BDAAF745F8 /* Pods-PV239_Reading_Manager_iOS.release.xcconfig */ = {isa = PBXFileReference; includeInIndex = 1; lastKnownFileType = text.xcconfig; name = "Pods-PV239_Reading_Manager_iOS.release.xcconfig"; path = "Target Support Files/Pods-PV239_Reading_Manager_iOS/Pods-PV239_Reading_Manager_iOS.release.xcconfig"; sourceTree = "<group>"; };
/* End PBXFileReference section */

/* Begin PBXFrameworksBuildPhase section */
		B897F98F2438B4AB000B483C /* Frameworks */ = {
			isa = PBXFrameworksBuildPhase;
			buildActionMask = 2147483647;
			files = (
				B831FBA2244CE515007DB278 /* Alamofire in Frameworks */,
			);
			runOnlyForDeploymentPostprocessing = 0;
		};
/* End PBXFrameworksBuildPhase section */

/* Begin PBXGroup section */
		3D5B59F73EBBCFE0038C1E86 /* Pods */ = {
			isa = PBXGroup;
			children = (
				31A541B98E79254A2E6CE038 /* Pods-PV239_Reading_Manager_iOS.debug.xcconfig */,
				FA51AFBFD57EF9BDAAF745F8 /* Pods-PV239_Reading_Manager_iOS.release.xcconfig */,
			);
			path = Pods;
			sourceTree = "<group>";
		};
		B897F9892438B4AB000B483C = {
			isa = PBXGroup;
			children = (
				B897F9942438B4AB000B483C /* PV239_Reading_Manager_iOS */,
				B897F9932438B4AB000B483C /* Products */,
				3D5B59F73EBBCFE0038C1E86 /* Pods */,
			);
			sourceTree = "<group>";
		};
		B897F9932438B4AB000B483C /* Products */ = {
			isa = PBXGroup;
			children = (
				B897F9922438B4AB000B483C /* PV239_Reading_Manager_iOS.app */,
			);
			name = Products;
			sourceTree = "<group>";
		};
		B897F9942438B4AB000B483C /* PV239_Reading_Manager_iOS */ = {
			isa = PBXGroup;
			children = (
				B897F9952438B4AB000B483C /* AppDelegate.swift */,
				B897F9972438B4AB000B483C /* SceneDelegate.swift */,
				B897F99B2438B4AB000B483C /* Main.storyboard */,
				8049D3402452248D009CC6C2 /* BookTableViewController.swift */,
				B897F99E2438B4B1000B483C /* Assets.xcassets */,
				B897F9A02438B4B1000B483C /* LaunchScreen.storyboard */,
				B897F9A32438B4B1000B483C /* Info.plist */,
				B897F9A92438B5D0000B483C /* Book.swift */,
				B897F9AF2438B60E000B483C /* BookState.swift */,
				B897F9B32438CC01000B483C /* MyLibraryController.swift */,
				B897F9B52438D01F000B483C /* WishedBooksController.swift */,
				B897F9B724390258000B483C /* BookDetailController.swift */,
				B897F9BB24390A3F000B483C /* BookNote.swift */,
				B897F9B924390482000B483C /* AddBookController.swift */,
				8049D33E2451F691009CC6C2 /* BookRequest.swift */,
				B857B875247014520091F3B8 /* AddNoteController.swift */,
				8037BF6E2474219B004DA69A /* LocalStorageManager.swift */,
				8037BF70247421CC004DA69A /* StorageManagerProtocol.swift */,
				8081AE6924766F8200F7790E /* StatisticsController.swift */,
			);
			path = PV239_Reading_Manager_iOS;
			sourceTree = "<group>";
		};
/* End PBXGroup section */

/* Begin PBXNativeTarget section */
		B897F9912438B4AB000B483C /* PV239_Reading_Manager_iOS */ = {
			isa = PBXNativeTarget;
			buildConfigurationList = B897F9A62438B4B1000B483C /* Build configuration list for PBXNativeTarget "PV239_Reading_Manager_iOS" */;
			buildPhases = (
				F4D1E55F5797790F4476F8C2 /* [CP] Check Pods Manifest.lock */,
				B897F98E2438B4AB000B483C /* Sources */,
				B897F98F2438B4AB000B483C /* Frameworks */,
				B897F9902438B4AB000B483C /* Resources */,
				B9C522286B1F88FF268997D2 /* [CP] Embed Pods Frameworks */,
			);
			buildRules = (
			);
			dependencies = (
			);
			name = PV239_Reading_Manager_iOS;
			packageProductDependencies = (
				B831FBA1244CE515007DB278 /* Alamofire */,
			);
			productName = PV239_Reading_Manager_iOS;
			productReference = B897F9922438B4AB000B483C /* PV239_Reading_Manager_iOS.app */;
			productType = "com.apple.product-type.application";
		};
/* End PBXNativeTarget section */

/* Begin PBXProject section */
		B897F98A2438B4AB000B483C /* Project object */ = {
			isa = PBXProject;
			attributes = {
				LastSwiftUpdateCheck = 1130;
				LastUpgradeCheck = 1130;
				ORGANIZATIONNAME = "FI MU";
				TargetAttributes = {
					B897F9912438B4AB000B483C = {
						CreatedOnToolsVersion = 11.3.1;
					};
				};
			};
			buildConfigurationList = B897F98D2438B4AB000B483C /* Build configuration list for PBXProject "PV239_Reading_Manager_iOS" */;
			compatibilityVersion = "Xcode 9.3";
			developmentRegion = en;
			hasScannedForEncodings = 0;
			knownRegions = (
				en,
				Base,
			);
			mainGroup = B897F9892438B4AB000B483C;
			packageReferences = (
				B831FBA0244CE515007DB278 /* XCRemoteSwiftPackageReference "Alamofire" */,
			);
			productRefGroup = B897F9932438B4AB000B483C /* Products */;
			projectDirPath = "";
			projectRoot = "";
			targets = (
				B897F9912438B4AB000B483C /* PV239_Reading_Manager_iOS */,
			);
		};
/* End PBXProject section */

/* Begin PBXResourcesBuildPhase section */
		B897F9902438B4AB000B483C /* Resources */ = {
			isa = PBXResourcesBuildPhase;
			buildActionMask = 2147483647;
			files = (
				B897F9A22438B4B1000B483C /* LaunchScreen.storyboard in Resources */,
				B897F99F2438B4B1000B483C /* Assets.xcassets in Resources */,
				B897F99D2438B4AB000B483C /* Main.storyboard in Resources */,
			);
			runOnlyForDeploymentPostprocessing = 0;
		};
/* End PBXResourcesBuildPhase section */

/* Begin PBXShellScriptBuildPhase section */
		B9C522286B1F88FF268997D2 /* [CP] Embed Pods Frameworks */ = {
			isa = PBXShellScriptBuildPhase;
			buildActionMask = 2147483647;
			files = (
			);
			inputFileListPaths = (
				"${PODS_ROOT}/Target Support Files/Pods-PV239_Reading_Manager_iOS/Pods-PV239_Reading_Manager_iOS-frameworks-${CONFIGURATION}-input-files.xcfilelist",
			);
			name = "[CP] Embed Pods Frameworks";
			outputFileListPaths = (
				"${PODS_ROOT}/Target Support Files/Pods-PV239_Reading_Manager_iOS/Pods-PV239_Reading_Manager_iOS-frameworks-${CONFIGURATION}-output-files.xcfilelist",
			);
			runOnlyForDeploymentPostprocessing = 0;
			shellPath = /bin/sh;
			shellScript = "\"${PODS_ROOT}/Target Support Files/Pods-PV239_Reading_Manager_iOS/Pods-PV239_Reading_Manager_iOS-frameworks.sh\"\n";
			showEnvVarsInLog = 0;
		};
		F4D1E55F5797790F4476F8C2 /* [CP] Check Pods Manifest.lock */ = {
			isa = PBXShellScriptBuildPhase;
			buildActionMask = 2147483647;
			files = (
			);
			inputFileListPaths = (
			);
			inputPaths = (
				"${PODS_PODFILE_DIR_PATH}/Podfile.lock",
				"${PODS_ROOT}/Manifest.lock",
			);
			name = "[CP] Check Pods Manifest.lock";
			outputFileListPaths = (
			);
			outputPaths = (
				"$(DERIVED_FILE_DIR)/Pods-PV239_Reading_Manager_iOS-checkManifestLockResult.txt",
			);
			runOnlyForDeploymentPostprocessing = 0;
			shellPath = /bin/sh;
			shellScript = "diff \"${PODS_PODFILE_DIR_PATH}/Podfile.lock\" \"${PODS_ROOT}/Manifest.lock\" > /dev/null\nif [ $? != 0 ] ; then\n    # print error to STDERR\n    echo \"error: The sandbox is not in sync with the Podfile.lock. Run 'pod install' or update your CocoaPods installation.\" >&2\n    exit 1\nfi\n# This output is used by Xcode 'outputs' to avoid re-running this script phase.\necho \"SUCCESS\" > \"${SCRIPT_OUTPUT_FILE_0}\"\n";
			showEnvVarsInLog = 0;
		};
/* End PBXShellScriptBuildPhase section */

/* Begin PBXSourcesBuildPhase section */
		B897F98E2438B4AB000B483C /* Sources */ = {
			isa = PBXSourcesBuildPhase;
			buildActionMask = 2147483647;
			files = (
				B897F9AA2438B5D0000B483C /* Book.swift in Sources */,
				B897F9B824390258000B483C /* BookDetailController.swift in Sources */,
				B857B876247014520091F3B8 /* AddNoteController.swift in Sources */,
				B897F9B02438B60E000B483C /* BookState.swift in Sources */,
				8081AE6A24766F8200F7790E /* StatisticsController.swift in Sources */,
				B897F9B62438D01F000B483C /* WishedBooksController.swift in Sources */,
				B897F9B42438CC01000B483C /* MyLibraryController.swift in Sources */,
				8049D33F2451F691009CC6C2 /* BookRequest.swift in Sources */,
				8037BF71247421CC004DA69A /* StorageManagerProtocol.swift in Sources */,
				B897F9962438B4AB000B483C /* AppDelegate.swift in Sources */,
				B897F9BA24390482000B483C /* AddBookController.swift in Sources */,
				B897F9BC24390A3F000B483C /* BookNote.swift in Sources */,
				8049D3412452248D009CC6C2 /* BookTableViewController.swift in Sources */,
				B897F9982438B4AB000B483C /* SceneDelegate.swift in Sources */,
				8037BF6F2474219B004DA69A /* LocalStorageManager.swift in Sources */,
			);
			runOnlyForDeploymentPostprocessing = 0;
		};
/* End PBXSourcesBuildPhase section */

/* Begin PBXVariantGroup section */
		B897F99B2438B4AB000B483C /* Main.storyboard */ = {
			isa = PBXVariantGroup;
			children = (
				B897F99C2438B4AB000B483C /* Base */,
			);
			name = Main.storyboard;
			sourceTree = "<group>";
		};
		B897F9A02438B4B1000B483C /* LaunchScreen.storyboard */ = {
			isa = PBXVariantGroup;
			children = (
				B897F9A12438B4B1000B483C /* Base */,
			);
			name = LaunchScreen.storyboard;
			sourceTree = "<group>";
		};
/* End PBXVariantGroup section */

/* Begin XCBuildConfiguration section */
		B897F9A42438B4B1000B483C /* Debug */ = {
			isa = XCBuildConfiguration;
			buildSettings = {
				ALWAYS_SEARCH_USER_PATHS = NO;
				CLANG_ANALYZER_NONNULL = YES;
				CLANG_ANALYZER_NUMBER_OBJECT_CONVERSION = YES_AGGRESSIVE;
				CLANG_CXX_LANGUAGE_STANDARD = "gnu++14";
				CLANG_CXX_LIBRARY = "libc++";
				CLANG_ENABLE_MODULES = YES;
				CLANG_ENABLE_OBJC_ARC = YES;
				CLANG_ENABLE_OBJC_WEAK = YES;
				CLANG_WARN_BLOCK_CAPTURE_AUTORELEASING = YES;
				CLANG_WARN_BOOL_CONVERSION = YES;
				CLANG_WARN_COMMA = YES;
				CLANG_WARN_CONSTANT_CONVERSION = YES;
				CLANG_WARN_DEPRECATED_OBJC_IMPLEMENTATIONS = YES;
				CLANG_WARN_DIRECT_OBJC_ISA_USAGE = YES_ERROR;
				CLANG_WARN_DOCUMENTATION_COMMENTS = YES;
				CLANG_WARN_EMPTY_BODY = YES;
				CLANG_WARN_ENUM_CONVERSION = YES;
				CLANG_WARN_INFINITE_RECURSION = YES;
				CLANG_WARN_INT_CONVERSION = YES;
				CLANG_WARN_NON_LITERAL_NULL_CONVERSION = YES;
				CLANG_WARN_OBJC_IMPLICIT_RETAIN_SELF = YES;
				CLANG_WARN_OBJC_LITERAL_CONVERSION = YES;
				CLANG_WARN_OBJC_ROOT_CLASS = YES_ERROR;
				CLANG_WARN_RANGE_LOOP_ANALYSIS = YES;
				CLANG_WARN_STRICT_PROTOTYPES = YES;
				CLANG_WARN_SUSPICIOUS_MOVE = YES;
				CLANG_WARN_UNGUARDED_AVAILABILITY = YES_AGGRESSIVE;
				CLANG_WARN_UNREACHABLE_CODE = YES;
				CLANG_WARN__DUPLICATE_METHOD_MATCH = YES;
				COPY_PHASE_STRIP = NO;
				DEBUG_INFORMATION_FORMAT = dwarf;
				ENABLE_STRICT_OBJC_MSGSEND = YES;
				ENABLE_TESTABILITY = YES;
				GCC_C_LANGUAGE_STANDARD = gnu11;
				GCC_DYNAMIC_NO_PIC = NO;
				GCC_NO_COMMON_BLOCKS = YES;
				GCC_OPTIMIZATION_LEVEL = 0;
				GCC_PREPROCESSOR_DEFINITIONS = (
					"DEBUG=1",
					"$(inherited)",
				);
				GCC_WARN_64_TO_32_BIT_CONVERSION = YES;
				GCC_WARN_ABOUT_RETURN_TYPE = YES_ERROR;
				GCC_WARN_UNDECLARED_SELECTOR = YES;
				GCC_WARN_UNINITIALIZED_AUTOS = YES_AGGRESSIVE;
				GCC_WARN_UNUSED_FUNCTION = YES;
				GCC_WARN_UNUSED_VARIABLE = YES;
				IPHONEOS_DEPLOYMENT_TARGET = 13.2;
				MTL_ENABLE_DEBUG_INFO = INCLUDE_SOURCE;
				MTL_FAST_MATH = YES;
				ONLY_ACTIVE_ARCH = YES;
				SDKROOT = iphoneos;
				SWIFT_ACTIVE_COMPILATION_CONDITIONS = DEBUG;
				SWIFT_OPTIMIZATION_LEVEL = "-Onone";
			};
			name = Debug;
		};
		B897F9A52438B4B1000B483C /* Release */ = {
			isa = XCBuildConfiguration;
			buildSettings = {
				ALWAYS_SEARCH_USER_PATHS = NO;
				CLANG_ANALYZER_NONNULL = YES;
				CLANG_ANALYZER_NUMBER_OBJECT_CONVERSION = YES_AGGRESSIVE;
				CLANG_CXX_LANGUAGE_STANDARD = "gnu++14";
				CLANG_CXX_LIBRARY = "libc++";
				CLANG_ENABLE_MODULES = YES;
				CLANG_ENABLE_OBJC_ARC = YES;
				CLANG_ENABLE_OBJC_WEAK = YES;
				CLANG_WARN_BLOCK_CAPTURE_AUTORELEASING = YES;
				CLANG_WARN_BOOL_CONVERSION = YES;
				CLANG_WARN_COMMA = YES;
				CLANG_WARN_CONSTANT_CONVERSION = YES;
				CLANG_WARN_DEPRECATED_OBJC_IMPLEMENTATIONS = YES;
				CLANG_WARN_DIRECT_OBJC_ISA_USAGE = YES_ERROR;
				CLANG_WARN_DOCUMENTATION_COMMENTS = YES;
				CLANG_WARN_EMPTY_BODY = YES;
				CLANG_WARN_ENUM_CONVERSION = YES;
				CLANG_WARN_INFINITE_RECURSION = YES;
				CLANG_WARN_INT_CONVERSION = YES;
				CLANG_WARN_NON_LITERAL_NULL_CONVERSION = YES;
				CLANG_WARN_OBJC_IMPLICIT_RETAIN_SELF = YES;
				CLANG_WARN_OBJC_LITERAL_CONVERSION = YES;
				CLANG_WARN_OBJC_ROOT_CLASS = YES_ERROR;
				CLANG_WARN_RANGE_LOOP_ANALYSIS = YES;
				CLANG_WARN_STRICT_PROTOTYPES = YES;
				CLANG_WARN_SUSPICIOUS_MOVE = YES;
				CLANG_WARN_UNGUARDED_AVAILABILITY = YES_AGGRESSIVE;
				CLANG_WARN_UNREACHABLE_CODE = YES;
				CLANG_WARN__DUPLICATE_METHOD_MATCH = YES;
				COPY_PHASE_STRIP = NO;
				DEBUG_INFORMATION_FORMAT = "dwarf-with-dsym";
				ENABLE_NS_ASSERTIONS = NO;
				ENABLE_STRICT_OBJC_MSGSEND = YES;
				GCC_C_LANGUAGE_STANDARD = gnu11;
				GCC_NO_COMMON_BLOCKS = YES;
				GCC_WARN_64_TO_32_BIT_CONVERSION = YES;
				GCC_WARN_ABOUT_RETURN_TYPE = YES_ERROR;
				GCC_WARN_UNDECLARED_SELECTOR = YES;
				GCC_WARN_UNINITIALIZED_AUTOS = YES_AGGRESSIVE;
				GCC_WARN_UNUSED_FUNCTION = YES;
				GCC_WARN_UNUSED_VARIABLE = YES;
				IPHONEOS_DEPLOYMENT_TARGET = 13.2;
				MTL_ENABLE_DEBUG_INFO = NO;
				MTL_FAST_MATH = YES;
				SDKROOT = iphoneos;
				SWIFT_COMPILATION_MODE = wholemodule;
				SWIFT_OPTIMIZATION_LEVEL = "-O";
				VALIDATE_PRODUCT = YES;
			};
			name = Release;
		};
		B897F9A72438B4B1000B483C /* Debug */ = {
			isa = XCBuildConfiguration;
			baseConfigurationReference = 31A541B98E79254A2E6CE038 /* Pods-PV239_Reading_Manager_iOS.debug.xcconfig */;
			buildSettings = {
				ASSETCATALOG_COMPILER_APPICON_NAME = AppIcon;
				CODE_SIGN_STYLE = Automatic;
				INFOPLIST_FILE = PV239_Reading_Manager_iOS/Info.plist;
				LD_RUNPATH_SEARCH_PATHS = (
					"$(inherited)",
					"@executable_path/Frameworks",
				);
				PRODUCT_BUNDLE_IDENTIFIER = "cz.muni.fi.PV239-Reading-Manager-iOS";
				PRODUCT_NAME = "$(TARGET_NAME)";
				SWIFT_VERSION = 5.0;
				TARGETED_DEVICE_FAMILY = "1,2";
			};
			name = Debug;
		};
		B897F9A82438B4B1000B483C /* Release */ = {
			isa = XCBuildConfiguration;
			baseConfigurationReference = FA51AFBFD57EF9BDAAF745F8 /* Pods-PV239_Reading_Manager_iOS.release.xcconfig */;
			buildSettings = {
				ASSETCATALOG_COMPILER_APPICON_NAME = AppIcon;
				CODE_SIGN_STYLE = Automatic;
				INFOPLIST_FILE = PV239_Reading_Manager_iOS/Info.plist;
				LD_RUNPATH_SEARCH_PATHS = (
					"$(inherited)",
					"@executable_path/Frameworks",
				);
				PRODUCT_BUNDLE_IDENTIFIER = "cz.muni.fi.PV239-Reading-Manager-iOS";
				PRODUCT_NAME = "$(TARGET_NAME)";
				SWIFT_VERSION = 5.0;
				TARGETED_DEVICE_FAMILY = "1,2";
			};
			name = Release;
		};
/* End XCBuildConfiguration section */

/* Begin XCConfigurationList section */
		B897F98D2438B4AB000B483C /* Build configuration list for PBXProject "PV239_Reading_Manager_iOS" */ = {
			isa = XCConfigurationList;
			buildConfigurations = (
				B897F9A42438B4B1000B483C /* Debug */,
				B897F9A52438B4B1000B483C /* Release */,
			);
			defaultConfigurationIsVisible = 0;
			defaultConfigurationName = Release;
		};
		B897F9A62438B4B1000B483C /* Build configuration list for PBXNativeTarget "PV239_Reading_Manager_iOS" */ = {
			isa = XCConfigurationList;
			buildConfigurations = (
				B897F9A72438B4B1000B483C /* Debug */,
				B897F9A82438B4B1000B483C /* Release */,
			);
			defaultConfigurationIsVisible = 0;
			defaultConfigurationName = Release;
		};
/* End XCConfigurationList section */

/* Begin XCRemoteSwiftPackageReference section */
		B831FBA0244CE515007DB278 /* XCRemoteSwiftPackageReference "Alamofire" */ = {
			isa = XCRemoteSwiftPackageReference;
			repositoryURL = "https://github.com/Alamofire/Alamofire.git";
			requirement = {
				kind = upToNextMajorVersion;
				minimumVersion = 5.1.0;
			};
		};
/* End XCRemoteSwiftPackageReference section */

/* Begin XCSwiftPackageProductDependency section */
		B831FBA1244CE515007DB278 /* Alamofire */ = {
			isa = XCSwiftPackageProductDependency;
			package = B831FBA0244CE515007DB278 /* XCRemoteSwiftPackageReference "Alamofire" */;
			productName = Alamofire;
		};
/* End XCSwiftPackageProductDependency section */
	};
	rootObject = B897F98A2438B4AB000B483C /* Project object */;
}
